PODS:
  - connectivity_plus (0.0.1):
    - Flutter
    - ReachabilitySwift
  - Flutter (1.0.0)
  - IBGoogleWebRTC (1.0.37785)
  - infobipplugin (0.0.1):
    - Flutter
  - InfobipRTC (2.2.1):
    - IBGoogleWebRTC (~> 1.0.37785)
  - integration_test (0.0.1):
    - Flutter
  - permission_handler_apple (9.1.1):
    - Flutter
  - ReachabilitySwift (5.0.0)
  - url_launcher_ios (0.0.1):
    - Flutter

DEPENDENCIES:
  - connectivity_plus (from `.symlinks/plugins/connectivity_plus/ios`)
  - Flutter (from `Flutter`)
  - infobipplugin (from `.symlinks/plugins/infobipplugin/ios`)
  - InfobipRTC (= 2.2.1)
  - integration_test (from `.symlinks/plugins/integration_test/ios`)
  - permission_handler_apple (from `.symlinks/plugins/permission_handler_apple/ios`)
  - url_launcher_ios (from `.symlinks/plugins/url_launcher_ios/ios`)

SPEC REPOS:
  trunk:
    - IBGoogleWebRTC
    - InfobipRTC
    - ReachabilitySwift

EXTERNAL SOURCES:
  connectivity_plus:
    :path: ".symlinks/plugins/connectivity_plus/ios"
  Flutter:
    :path: Flutter
  infobipplugin:
    :path: ".symlinks/plugins/infobipplugin/ios"
  integration_test:
    :path: ".symlinks/plugins/integration_test/ios"
  permission_handler_apple:
    :path: ".symlinks/plugins/permission_handler_apple/ios"
  url_launcher_ios:
    :path: ".symlinks/plugins/url_launcher_ios/ios"

SPEC CHECKSUMS:
  connectivity_plus: 07c49e96d7fc92bc9920617b83238c4d178b446a
  Flutter: f04841e97a9d0b0a8025694d0796dd46242b2854
  IBGoogleWebRTC: 38846dd4c2ac0c14f9307252daab367e566b8632
  infobipplugin: 320207eea037ff88b2e5bbf7f5d7f38d01bcbce9
  InfobipRTC: a5f7c41a8d8d866c7ebea4bd61b3be045bc92613
  integration_test: 13825b8a9334a850581300559b8839134b124670
  permission_handler_apple: e76247795d700c14ea09e3a2d8855d41ee80a2e6
  ReachabilitySwift: 985039c6f7b23a1da463388634119492ff86c825
  url_launcher_ios: 08a3dfac5fb39e8759aeb0abbd5d9480f30fc8b4

PODFILE CHECKSUM: 8e3c6daf7252dfea0ccca9af4736e400524d9ff6

COCOAPODS: 1.12.0
